
Microsoft Visual Studio Solution File, Format Version 12.00
# Visual Studio 2015
Project("{FAE04EC0-301F-11D3-BF4B-00C04F79EFBC}") = "eyeProject_log_in_page_copy.CSharp", "eyeProject_log_in_page_copy.CSharp.csproj", "{AE971F00-3FCD-5013-155D-60F6F9BF1FDC}"
EndProject
Project("{FAE04EC0-301F-11D3-BF4B-00C04F79EFBC}") = "eyeProject_log_in_page_copy.CSharp.Editor", "eyeProject_log_in_page_copy.CSharp.Editor.csproj", "{D3851F60-84EC-9158-3B09-B6CB28E67D03}"
EndProject
Global
	GlobalSection(SolutionConfigurationPlatforms) = preSolution
		Debug|Any CPU = Debug|Any CPU
		Release|Any CPU = Release|Any CPU
	EndGlobalSection
	GlobalSection(ProjectConfigurationPlatforms) = postSolution
		{AE971F00-3FCD-5013-155D-60F6F9BF1FDC}.Debug|Any CPU.ActiveCfg = Debug|Any CPU
		{AE971F00-3FCD-5013-155D-60F6F9BF1FDC}.Debug|Any CPU.Build.0 = Debug|Any CPU
		{AE971F00-3FCD-5013-155D-60F6F9BF1FDC}.Release|Any CPU.ActiveCfg = Release|Any CPU
		{AE971F00-3FCD-5013-155D-60F6F9BF1FDC}.Release|Any CPU.Build.0 = Release|Any CPU
		{D3851F60-84EC-9158-3B09-B6CB28E67D03}.Debug|Any CPU.ActiveCfg = Debug|Any CPU
		{D3851F60-84EC-9158-3B09-B6CB28E67D03}.Debug|Any CPU.Build.0 = Debug|Any CPU
		{D3851F60-84EC-9158-3B09-B6CB28E67D03}.Release|Any CPU.ActiveCfg = Release|Any CPU
		{D3851F60-84EC-9158-3B09-B6CB28E67D03}.Release|Any CPU.Build.0 = Release|Any CPU
	EndGlobalSection
	GlobalSection(SolutionProperties) = preSolution
		HideSolutionNode = FALSE
	EndGlobalSection
EndGlobal
