
Microsoft Visual Studio Solution File, Format Version 12.00
# Visual Studio 2015
Project("{FAE04EC0-301F-11D3-BF4B-00C04F79EFBC}") = "eyeProject.CSharp", "eyeProject.CSharp.csproj", "{EB23A405-B60C-1EE4-FE1B-9DF551D17DEF}"
EndProject
Project("{FAE04EC0-301F-11D3-BF4B-00C04F79EFBC}") = "eyeProject.CSharp.Editor", "eyeProject.CSharp.Editor.csproj", "{76340C8E-A092-2BAA-ED1B-21A6B7CB291A}"
EndProject
Global
	GlobalSection(SolutionConfigurationPlatforms) = preSolution
		Debug|Any CPU = Debug|Any CPU
		Release|Any CPU = Release|Any CPU
	EndGlobalSection
	GlobalSection(ProjectConfigurationPlatforms) = postSolution
		{EB23A405-B60C-1EE4-FE1B-9DF551D17DEF}.Debug|Any CPU.ActiveCfg = Debug|Any CPU
		{EB23A405-B60C-1EE4-FE1B-9DF551D17DEF}.Debug|Any CPU.Build.0 = Debug|Any CPU
		{EB23A405-B60C-1EE4-FE1B-9DF551D17DEF}.Release|Any CPU.ActiveCfg = Release|Any CPU
		{EB23A405-B60C-1EE4-FE1B-9DF551D17DEF}.Release|Any CPU.Build.0 = Release|Any CPU
		{76340C8E-A092-2BAA-ED1B-21A6B7CB291A}.Debug|Any CPU.ActiveCfg = Debug|Any CPU
		{76340C8E-A092-2BAA-ED1B-21A6B7CB291A}.Debug|Any CPU.Build.0 = Debug|Any CPU
		{76340C8E-A092-2BAA-ED1B-21A6B7CB291A}.Release|Any CPU.ActiveCfg = Release|Any CPU
		{76340C8E-A092-2BAA-ED1B-21A6B7CB291A}.Release|Any CPU.Build.0 = Release|Any CPU
	EndGlobalSection
	GlobalSection(SolutionProperties) = preSolution
		HideSolutionNode = FALSE
	EndGlobalSection
EndGlobal
