
Microsoft Visual Studio Solution File, Format Version 12.00
# Visual Studio 2015
Project("{FAE04EC0-301F-11D3-BF4B-00C04F79EFBC}") = "NearVisionChart.CSharp", "NearVisionChart.CSharp.csproj", "{D9B8FF99-0740-3AD7-2232-45A6CCC310F3}"
EndProject
Project("{FAE04EC0-301F-11D3-BF4B-00C04F79EFBC}") = "NearVisionChart.CSharp.Editor", "NearVisionChart.CSharp.Editor.csproj", "{46672137-01C3-56DF-827F-D41C4EB75C8B}"
EndProject
Global
	GlobalSection(SolutionConfigurationPlatforms) = preSolution
		Debug|Any CPU = Debug|Any CPU
		Release|Any CPU = Release|Any CPU
	EndGlobalSection
	GlobalSection(ProjectConfigurationPlatforms) = postSolution
		{D9B8FF99-0740-3AD7-2232-45A6CCC310F3}.Debug|Any CPU.ActiveCfg = Debug|Any CPU
		{D9B8FF99-0740-3AD7-2232-45A6CCC310F3}.Debug|Any CPU.Build.0 = Debug|Any CPU
		{D9B8FF99-0740-3AD7-2232-45A6CCC310F3}.Release|Any CPU.ActiveCfg = Release|Any CPU
		{D9B8FF99-0740-3AD7-2232-45A6CCC310F3}.Release|Any CPU.Build.0 = Release|Any CPU
		{46672137-01C3-56DF-827F-D41C4EB75C8B}.Debug|Any CPU.ActiveCfg = Debug|Any CPU
		{46672137-01C3-56DF-827F-D41C4EB75C8B}.Debug|Any CPU.Build.0 = Debug|Any CPU
		{46672137-01C3-56DF-827F-D41C4EB75C8B}.Release|Any CPU.ActiveCfg = Release|Any CPU
		{46672137-01C3-56DF-827F-D41C4EB75C8B}.Release|Any CPU.Build.0 = Release|Any CPU
	EndGlobalSection
	GlobalSection(SolutionProperties) = preSolution
		HideSolutionNode = FALSE
	EndGlobalSection
EndGlobal
